
Microsoft Visual Studio Solution File, Format Version 12.00
# Visual Studio Version 17
VisualStudioVersion = 17.3.32804.467
MinimumVisualStudioVersion = 10.0.40219.1
Project("{FAE04EC0-301F-11D3-BF4B-00C04F79EFBC}") = "WFAEntity270822A", "WFAEntity270822A\WFAEntity270822A.csproj", "{D5BE2EB1-A0D6-4A8F-960A-111157B8893D}"
EndProject
Global
	GlobalSection(SolutionConfigurationPlatforms) = preSolution
		Debug|Any CPU = Debug|Any CPU
		Release|Any CPU = Release|Any CPU
	EndGlobalSection
	GlobalSection(ProjectConfigurationPlatforms) = postSolution
		{D5BE2EB1-A0D6-4A8F-960A-111157B8893D}.Debug|Any CPU.ActiveCfg = Debug|Any CPU
		{D5BE2EB1-A0D6-4A8F-960A-111157B8893D}.Debug|Any CPU.Build.0 = Debug|Any CPU
		{D5BE2EB1-A0D6-4A8F-960A-111157B8893D}.Release|Any CPU.ActiveCfg = Release|Any CPU
		{D5BE2EB1-A0D6-4A8F-960A-111157B8893D}.Release|Any CPU.Build.0 = Release|Any CPU
	EndGlobalSection
	GlobalSection(SolutionProperties) = preSolution
		HideSolutionNode = FALSE
	EndGlobalSection
	GlobalSection(ExtensibilityGlobals) = postSolution
		SolutionGuid = {F8754362-C8E2-4F47-B83E-67064816A88C}
	EndGlobalSection
EndGlobal
